// !$*UTF8*$!
{
	archiveVersion = 1;
	classes = {
	};
	objectVersion = 51;
	objects = {

/* Begin PBXBuildFile section */
		280B5A5F25D3C9F10092CC0A /* AppDelegate.swift in Sources */ = {isa = PBXBuildFile; fileRef = 280B5A5E25D3C9F10092CC0A /* AppDelegate.swift */; };
		280B5A6125D3C9F10092CC0A /* SceneDelegate.swift in Sources */ = {isa = PBXBuildFile; fileRef = 280B5A6025D3C9F10092CC0A /* SceneDelegate.swift */; };
		280B5A6325D3C9F10092CC0A /* ViewController.swift in Sources */ = {isa = PBXBuildFile; fileRef = 280B5A6225D3C9F10092CC0A /* ViewController.swift */; };
		280B5A6625D3C9F10092CC0A /* Main.storyboard in Resources */ = {isa = PBXBuildFile; fileRef = 280B5A6425D3C9F10092CC0A /* Main.storyboard */; };
		280B5A6825D3C9F70092CC0A /* Assets.xcassets in Resources */ = {isa = PBXBuildFile; fileRef = 280B5A6725D3C9F70092CC0A /* Assets.xcassets */; };
		280B5A6B25D3C9F70092CC0A /* LaunchScreen.storyboard in Resources */ = {isa = PBXBuildFile; fileRef = 280B5A6925D3C9F70092CC0A /* LaunchScreen.storyboard */; };
		281A88CF25D3CBE3008267EB /* map_korea.png in Resources */ = {isa = PBXBuildFile; fileRef = 281A88CE25D3CBE3008267EB /* map_korea.png */; };
		281A88D225D3CE6C008267EB /* CrawlModel.swift in Sources */ = {isa = PBXBuildFile; fileRef = 281A88D125D3CE6C008267EB /* CrawlModel.swift */; };
		E14B7D99845C031E8834779E /* Pods_Quiz_18.framework in Frameworks */ = {isa = PBXBuildFile; fileRef = 9D0994A6068C622B67059E02 /* Pods_Quiz_18.framework */; };
/* End PBXBuildFile section */

/* Begin PBXFileReference section */
		280B5A5B25D3C9F10092CC0A /* Quiz_18.app */ = {isa = PBXFileReference; explicitFileType = wrapper.application; includeInIndex = 0; path = Quiz_18.app; sourceTree = BUILT_PRODUCTS_DIR; };
		280B5A5E25D3C9F10092CC0A /* AppDelegate.swift */ = {isa = PBXFileReference; lastKnownFileType = sourcecode.swift; path = AppDelegate.swift; sourceTree = "<group>"; };
		280B5A6025D3C9F10092CC0A /* SceneDelegate.swift */ = {isa = PBXFileReference; lastKnownFileType = sourcecode.swift; path = SceneDelegate.swift; sourceTree = "<group>"; };
		280B5A6225D3C9F10092CC0A /* ViewController.swift */ = {isa = PBXFileReference; lastKnownFileType = sourcecode.swift; path = ViewController.swift; sourceTree = "<group>"; };
		280B5A6525D3C9F10092CC0A /* Base */ = {isa = PBXFileReference; lastKnownFileType = file.storyboard; name = Base; path = Base.lproj/Main.storyboard; sourceTree = "<group>"; };
		280B5A6725D3C9F70092CC0A /* Assets.xcassets */ = {isa = PBXFileReference; lastKnownFileType = folder.assetcatalog; path = Assets.xcassets; sourceTree = "<group>"; };
		280B5A6A25D3C9F70092CC0A /* Base */ = {isa = PBXFileReference; lastKnownFileType = file.storyboard; name = Base; path = Base.lproj/LaunchScreen.storyboard; sourceTree = "<group>"; };
		280B5A6C25D3C9F70092CC0A /* Info.plist */ = {isa = PBXFileReference; lastKnownFileType = text.plist.xml; path = Info.plist; sourceTree = "<group>"; };
		281A88CE25D3CBE3008267EB /* map_korea.png */ = {isa = PBXFileReference; lastKnownFileType = image.png; path = map_korea.png; sourceTree = "<group>"; };
		281A88D125D3CE6C008267EB /* CrawlModel.swift */ = {isa = PBXFileReference; lastKnownFileType = sourcecode.swift; path = CrawlModel.swift; sourceTree = "<group>"; };
		758A5C4841CA80C763350845 /* Pods-Quiz_18.debug.xcconfig */ = {isa = PBXFileReference; includeInIndex = 1; lastKnownFileType = text.xcconfig; name = "Pods-Quiz_18.debug.xcconfig"; path = "Target Support Files/Pods-Quiz_18/Pods-Quiz_18.debug.xcconfig"; sourceTree = "<group>"; };
		8AF812D4DB4AB10344AA35B8 /* Pods-Quiz_18.release.xcconfig */ = {isa = PBXFileReference; includeInIndex = 1; lastKnownFileType = text.xcconfig; name = "Pods-Quiz_18.release.xcconfig"; path = "Target Support Files/Pods-Quiz_18/Pods-Quiz_18.release.xcconfig"; sourceTree = "<group>"; };
		9D0994A6068C622B67059E02 /* Pods_Quiz_18.framework */ = {isa = PBXFileReference; explicitFileType = wrapper.framework; includeInIndex = 0; path = Pods_Quiz_18.framework; sourceTree = BUILT_PRODUCTS_DIR; };
/* End PBXFileReference section */

/* Begin PBXFrameworksBuildPhase section */
		280B5A5825D3C9F10092CC0A /* Frameworks */ = {
			isa = PBXFrameworksBuildPhase;
			buildActionMask = 2147483647;
			files = (
				E14B7D99845C031E8834779E /* Pods_Quiz_18.framework in Frameworks */,
			);
			runOnlyForDeploymentPostprocessing = 0;
		};
/* End PBXFrameworksBuildPhase section */

/* Begin PBXGroup section */
		1B8B32392453F4B6F23A7CFB /* Pods */ = {
			isa = PBXGroup;
			children = (
				758A5C4841CA80C763350845 /* Pods-Quiz_18.debug.xcconfig */,
				8AF812D4DB4AB10344AA35B8 /* Pods-Quiz_18.release.xcconfig */,
			);
			path = Pods;
			sourceTree = "<group>";
		};
		280B5A5225D3C9F10092CC0A = {
			isa = PBXGroup;
			children = (
				280B5A5D25D3C9F10092CC0A /* Quiz_18 */,
				280B5A5C25D3C9F10092CC0A /* Products */,
				1B8B32392453F4B6F23A7CFB /* Pods */,
				8EADB2A9B62985376914FE4A /* Frameworks */,
			);
			sourceTree = "<group>";
		};
		280B5A5C25D3C9F10092CC0A /* Products */ = {
			isa = PBXGroup;
			children = (
				280B5A5B25D3C9F10092CC0A /* Quiz_18.app */,
			);
			name = Products;
			sourceTree = "<group>";
		};
		280B5A5D25D3C9F10092CC0A /* Quiz_18 */ = {
			isa = PBXGroup;
			children = (
				281A88CD25D3CBD2008267EB /* Images */,
				280B5A5E25D3C9F10092CC0A /* AppDelegate.swift */,
				280B5A6025D3C9F10092CC0A /* SceneDelegate.swift */,
				280B5A6225D3C9F10092CC0A /* ViewController.swift */,
				281A88D125D3CE6C008267EB /* CrawlModel.swift */,
				280B5A6425D3C9F10092CC0A /* Main.storyboard */,
				280B5A6725D3C9F70092CC0A /* Assets.xcassets */,
				280B5A6925D3C9F70092CC0A /* LaunchScreen.storyboard */,
				280B5A6C25D3C9F70092CC0A /* Info.plist */,
			);
			path = Quiz_18;
			sourceTree = "<group>";
		};
		281A88CD25D3CBD2008267EB /* Images */ = {
			isa = PBXGroup;
			children = (
				281A88CE25D3CBE3008267EB /* map_korea.png */,
			);
			path = Images;
			sourceTree = "<group>";
		};
		8EADB2A9B62985376914FE4A /* Frameworks */ = {
			isa = PBXGroup;
			children = (
				9D0994A6068C622B67059E02 /* Pods_Quiz_18.framework */,
			);
			name = Frameworks;
			sourceTree = "<group>";
		};
/* End PBXGroup section */

/* Begin PBXNativeTarget section */
		280B5A5A25D3C9F10092CC0A /* Quiz_18 */ = {
			isa = PBXNativeTarget;
			buildConfigurationList = 280B5A6F25D3C9F70092CC0A /* Build configuration list for PBXNativeTarget "Quiz_18" */;
			buildPhases = (
				4EE01D41533772E6D1944E63 /* [CP] Check Pods Manifest.lock */,
				280B5A5725D3C9F10092CC0A /* Sources */,
				280B5A5825D3C9F10092CC0A /* Frameworks */,
				280B5A5925D3C9F10092CC0A /* Resources */,
				1F32111F3ED3415CC5D29FBE /* [CP] Embed Pods Frameworks */,
			);
			buildRules = (
			);
			dependencies = (
			);
			name = Quiz_18;
			productName = Quiz_18;
			productReference = 280B5A5B25D3C9F10092CC0A /* Quiz_18.app */;
			productType = "com.apple.product-type.application";
		};
/* End PBXNativeTarget section */

/* Begin PBXProject section */
		280B5A5325D3C9F10092CC0A /* Project object */ = {
			isa = PBXProject;
			attributes = {
				LastSwiftUpdateCheck = 1240;
				LastUpgradeCheck = 1240;
				TargetAttributes = {
					280B5A5A25D3C9F10092CC0A = {
						CreatedOnToolsVersion = 12.4;
					};
				};
			};
			buildConfigurationList = 280B5A5625D3C9F10092CC0A /* Build configuration list for PBXProject "Quiz_18" */;
			compatibilityVersion = "Xcode 9.3";
			developmentRegion = en;
			hasScannedForEncodings = 0;
			knownRegions = (
				en,
				Base,
			);
			mainGroup = 280B5A5225D3C9F10092CC0A;
			productRefGroup = 280B5A5C25D3C9F10092CC0A /* Products */;
			projectDirPath = "";
			projectRoot = "";
			targets = (
				280B5A5A25D3C9F10092CC0A /* Quiz_18 */,
			);
		};
/* End PBXProject section */

/* Begin PBXResourcesBuildPhase section */
		280B5A5925D3C9F10092CC0A /* Resources */ = {
			isa = PBXResourcesBuildPhase;
			buildActionMask = 2147483647;
			files = (
				280B5A6B25D3C9F70092CC0A /* LaunchScreen.storyboard in Resources */,
				280B5A6825D3C9F70092CC0A /* Assets.xcassets in Resources */,
				280B5A6625D3C9F10092CC0A /* Main.storyboard in Resources */,
				281A88CF25D3CBE3008267EB /* map_korea.png in Resources */,
			);
			runOnlyForDeploymentPostprocessing = 0;
		};
/* End PBXResourcesBuildPhase section */

/* Begin PBXShellScriptBuildPhase section */
		1F32111F3ED3415CC5D29FBE /* [CP] Embed Pods Frameworks */ = {
			isa = PBXShellScriptBuildPhase;
			buildActionMask = 2147483647;
			files = (
			);
			inputFileListPaths = (
				"${PODS_ROOT}/Target Support Files/Pods-Quiz_18/Pods-Quiz_18-frameworks-${CONFIGURATION}-input-files.xcfilelist",
			);
			name = "[CP] Embed Pods Frameworks";
			outputFileListPaths = (
				"${PODS_ROOT}/Target Support Files/Pods-Quiz_18/Pods-Quiz_18-frameworks-${CONFIGURATION}-output-files.xcfilelist",
			);
			runOnlyForDeploymentPostprocessing = 0;
			shellPath = /bin/sh;
			shellScript = "\"${PODS_ROOT}/Target Support Files/Pods-Quiz_18/Pods-Quiz_18-frameworks.sh\"\n";
			showEnvVarsInLog = 0;
		};
		4EE01D41533772E6D1944E63 /* [CP] Check Pods Manifest.lock */ = {
			isa = PBXShellScriptBuildPhase;
			buildActionMask = 2147483647;
			files = (
			);
			inputFileListPaths = (
			);
			inputPaths = (
				"${PODS_PODFILE_DIR_PATH}/Podfile.lock",
				"${PODS_ROOT}/Manifest.lock",
			);
			name = "[CP] Check Pods Manifest.lock";
			outputFileListPaths = (
			);
			outputPaths = (
				"$(DERIVED_FILE_DIR)/Pods-Quiz_18-checkManifestLockResult.txt",
			);
			runOnlyForDeploymentPostprocessing = 0;
			shellPath = /bin/sh;
			shellScript = "diff \"${PODS_PODFILE_DIR_PATH}/Podfile.lock\" \"${PODS_ROOT}/Manifest.lock\" > /dev/null\nif [ $? != 0 ] ; then\n    # print error to STDERR\n    echo \"error: The sandbox is not in sync with the Podfile.lock. Run 'pod install' or update your CocoaPods installation.\" >&2\n    exit 1\nfi\n# This output is used by Xcode 'outputs' to avoid re-running this script phase.\necho \"SUCCESS\" > \"${SCRIPT_OUTPUT_FILE_0}\"\n";
			showEnvVarsInLog = 0;
		};
/* End PBXShellScriptBuildPhase section */

/* Begin PBXSourcesBuildPhase section */
		280B5A5725D3C9F10092CC0A /* Sources */ = {
			isa = PBXSourcesBuildPhase;
			buildActionMask = 2147483647;
			files = (
				280B5A6325D3C9F10092CC0A /* ViewController.swift in Sources */,
				281A88D225D3CE6C008267EB /* CrawlModel.swift in Sources */,
				280B5A5F25D3C9F10092CC0A /* AppDelegate.swift in Sources */,
				280B5A6125D3C9F10092CC0A /* SceneDelegate.swift in Sources */,
			);
			runOnlyForDeploymentPostprocessing = 0;
		};
/* End PBXSourcesBuildPhase section */

/* Begin PBXVariantGroup section */
		280B5A6425D3C9F10092CC0A /* Main.storyboard */ = {
			isa = PBXVariantGroup;
			children = (
				280B5A6525D3C9F10092CC0A /* Base */,
			);
			name = Main.storyboard;
			sourceTree = "<group>";
		};
		280B5A6925D3C9F70092CC0A /* LaunchScreen.storyboard */ = {
			isa = PBXVariantGroup;
			children = (
				280B5A6A25D3C9F70092CC0A /* Base */,
			);
			name = LaunchScreen.storyboard;
			sourceTree = "<group>";
		};
/* End PBXVariantGroup section */

/* Begin XCBuildConfiguration section */
		280B5A6D25D3C9F70092CC0A /* Debug */ = {
			isa = XCBuildConfiguration;
			buildSettings = {
				ALWAYS_SEARCH_USER_PATHS = NO;
				CLANG_ANALYZER_NONNULL = YES;
				CLANG_ANALYZER_NUMBER_OBJECT_CONVERSION = YES_AGGRESSIVE;
				CLANG_CXX_LANGUAGE_STANDARD = "gnu++14";
				CLANG_CXX_LIBRARY = "libc++";
				CLANG_ENABLE_MODULES = YES;
				CLANG_ENABLE_OBJC_ARC = YES;
				CLANG_ENABLE_OBJC_WEAK = YES;
				CLANG_WARN_BLOCK_CAPTURE_AUTORELEASING = YES;
				CLANG_WARN_BOOL_CONVERSION = YES;
				CLANG_WARN_COMMA = YES;
				CLANG_WARN_CONSTANT_CONVERSION = YES;
				CLANG_WARN_DEPRECATED_OBJC_IMPLEMENTATIONS = YES;
				CLANG_WARN_DIRECT_OBJC_ISA_USAGE = YES_ERROR;
				CLANG_WARN_DOCUMENTATION_COMMENTS = YES;
				CLANG_WARN_EMPTY_BODY = YES;
				CLANG_WARN_ENUM_CONVERSION = YES;
				CLANG_WARN_INFINITE_RECURSION = YES;
				CLANG_WARN_INT_CONVERSION = YES;
				CLANG_WARN_NON_LITERAL_NULL_CONVERSION = YES;
				CLANG_WARN_OBJC_IMPLICIT_RETAIN_SELF = YES;
				CLANG_WARN_OBJC_LITERAL_CONVERSION = YES;
				CLANG_WARN_OBJC_ROOT_CLASS = YES_ERROR;
				CLANG_WARN_QUOTED_INCLUDE_IN_FRAMEWORK_HEADER = YES;
				CLANG_WARN_RANGE_LOOP_ANALYSIS = YES;
				CLANG_WARN_STRICT_PROTOTYPES = YES;
				CLANG_WARN_SUSPICIOUS_MOVE = YES;
				CLANG_WARN_UNGUARDED_AVAILABILITY = YES_AGGRESSIVE;
				CLANG_WARN_UNREACHABLE_CODE = YES;
				CLANG_WARN__DUPLICATE_METHOD_MATCH = YES;
				COPY_PHASE_STRIP = NO;
				DEBUG_INFORMATION_FORMAT = dwarf;
				ENABLE_STRICT_OBJC_MSGSEND = YES;
				ENABLE_TESTABILITY = YES;
				GCC_C_LANGUAGE_STANDARD = gnu11;
				GCC_DYNAMIC_NO_PIC = NO;
				GCC_NO_COMMON_BLOCKS = YES;
				GCC_OPTIMIZATION_LEVEL = 0;
				GCC_PREPROCESSOR_DEFINITIONS = (
					"DEBUG=1",
					"$(inherited)",
				);
				GCC_WARN_64_TO_32_BIT_CONVERSION = YES;
				GCC_WARN_ABOUT_RETURN_TYPE = YES_ERROR;
				GCC_WARN_UNDECLARED_SELECTOR = YES;
				GCC_WARN_UNINITIALIZED_AUTOS = YES_AGGRESSIVE;
				GCC_WARN_UNUSED_FUNCTION = YES;
				GCC_WARN_UNUSED_VARIABLE = YES;
				IPHONEOS_DEPLOYMENT_TARGET = 14.4;
				MTL_ENABLE_DEBUG_INFO = INCLUDE_SOURCE;
				MTL_FAST_MATH = YES;
				ONLY_ACTIVE_ARCH = YES;
				SDKROOT = iphoneos;
				SWIFT_ACTIVE_COMPILATION_CONDITIONS = DEBUG;
				SWIFT_OPTIMIZATION_LEVEL = "-Onone";
			};
			name = Debug;
		};
		280B5A6E25D3C9F70092CC0A /* Release */ = {
			isa = XCBuildConfiguration;
			buildSettings = {
				ALWAYS_SEARCH_USER_PATHS = NO;
				CLANG_ANALYZER_NONNULL = YES;
				CLANG_ANALYZER_NUMBER_OBJECT_CONVERSION = YES_AGGRESSIVE;
				CLANG_CXX_LANGUAGE_STANDARD = "gnu++14";
				CLANG_CXX_LIBRARY = "libc++";
				CLANG_ENABLE_MODULES = YES;
				CLANG_ENABLE_OBJC_ARC = YES;
				CLANG_ENABLE_OBJC_WEAK = YES;
				CLANG_WARN_BLOCK_CAPTURE_AUTORELEASING = YES;
				CLANG_WARN_BOOL_CONVERSION = YES;
				CLANG_WARN_COMMA = YES;
				CLANG_WARN_CONSTANT_CONVERSION = YES;
				CLANG_WARN_DEPRECATED_OBJC_IMPLEMENTATIONS = YES;
				CLANG_WARN_DIRECT_OBJC_ISA_USAGE = YES_ERROR;
				CLANG_WARN_DOCUMENTATION_COMMENTS = YES;
				CLANG_WARN_EMPTY_BODY = YES;
				CLANG_WARN_ENUM_CONVERSION = YES;
				CLANG_WARN_INFINITE_RECURSION = YES;
				CLANG_WARN_INT_CONVERSION = YES;
				CLANG_WARN_NON_LITERAL_NULL_CONVERSION = YES;
				CLANG_WARN_OBJC_IMPLICIT_RETAIN_SELF = YES;
				CLANG_WARN_OBJC_LITERAL_CONVERSION = YES;
				CLANG_WARN_OBJC_ROOT_CLASS = YES_ERROR;
				CLANG_WARN_QUOTED_INCLUDE_IN_FRAMEWORK_HEADER = YES;
				CLANG_WARN_RANGE_LOOP_ANALYSIS = YES;
				CLANG_WARN_STRICT_PROTOTYPES = YES;
				CLANG_WARN_SUSPICIOUS_MOVE = YES;
				CLANG_WARN_UNGUARDED_AVAILABILITY = YES_AGGRESSIVE;
				CLANG_WARN_UNREACHABLE_CODE = YES;
				CLANG_WARN__DUPLICATE_METHOD_MATCH = YES;
				COPY_PHASE_STRIP = NO;
				DEBUG_INFORMATION_FORMAT = "dwarf-with-dsym";
				ENABLE_NS_ASSERTIONS = NO;
				ENABLE_STRICT_OBJC_MSGSEND = YES;
				GCC_C_LANGUAGE_STANDARD = gnu11;
				GCC_NO_COMMON_BLOCKS = YES;
				GCC_WARN_64_TO_32_BIT_CONVERSION = YES;
				GCC_WARN_ABOUT_RETURN_TYPE = YES_ERROR;
				GCC_WARN_UNDECLARED_SELECTOR = YES;
				GCC_WARN_UNINITIALIZED_AUTOS = YES_AGGRESSIVE;
				GCC_WARN_UNUSED_FUNCTION = YES;
				GCC_WARN_UNUSED_VARIABLE = YES;
				IPHONEOS_DEPLOYMENT_TARGET = 14.4;
				MTL_ENABLE_DEBUG_INFO = NO;
				MTL_FAST_MATH = YES;
				SDKROOT = iphoneos;
				SWIFT_COMPILATION_MODE = wholemodule;
				SWIFT_OPTIMIZATION_LEVEL = "-O";
				VALIDATE_PRODUCT = YES;
			};
			name = Release;
		};
		280B5A7025D3C9F70092CC0A /* Debug */ = {
			isa = XCBuildConfiguration;
			baseConfigurationReference = 758A5C4841CA80C763350845 /* Pods-Quiz_18.debug.xcconfig */;
			buildSettings = {
				ASSETCATALOG_COMPILER_APPICON_NAME = AppIcon;
				ASSETCATALOG_COMPILER_GLOBAL_ACCENT_COLOR_NAME = AccentColor;
				CODE_SIGN_STYLE = Automatic;
				DEVELOPMENT_TEAM = 3767ZWFMQQ;
				INFOPLIST_FILE = Quiz_18/Info.plist;
				IPHONEOS_DEPLOYMENT_TARGET = 14.3;
				LD_RUNPATH_SEARCH_PATHS = (
					"$(inherited)",
					"@executable_path/Frameworks",
				);
				PRODUCT_BUNDLE_IDENTIFIER = "com.swiftlec.Quiz-18";
				PRODUCT_NAME = "$(TARGET_NAME)";
				SWIFT_VERSION = 5.0;
				TARGETED_DEVICE_FAMILY = 1;
			};
			name = Debug;
		};
		280B5A7125D3C9F70092CC0A /* Release */ = {
			isa = XCBuildConfiguration;
			baseConfigurationReference = 8AF812D4DB4AB10344AA35B8 /* Pods-Quiz_18.release.xcconfig */;
			buildSettings = {
				ASSETCATALOG_COMPILER_APPICON_NAME = AppIcon;
				ASSETCATALOG_COMPILER_GLOBAL_ACCENT_COLOR_NAME = AccentColor;
				CODE_SIGN_STYLE = Automatic;
				DEVELOPMENT_TEAM = 3767ZWFMQQ;
				INFOPLIST_FILE = Quiz_18/Info.plist;
				IPHONEOS_DEPLOYMENT_TARGET = 14.3;
				LD_RUNPATH_SEARCH_PATHS = (
					"$(inherited)",
					"@executable_path/Frameworks",
				);
				PRODUCT_BUNDLE_IDENTIFIER = "com.swiftlec.Quiz-18";
				PRODUCT_NAME = "$(TARGET_NAME)";
				SWIFT_VERSION = 5.0;
				TARGETED_DEVICE_FAMILY = 1;
			};
			name = Release;
		};
/* End XCBuildConfiguration section */

/* Begin XCConfigurationList section */
		280B5A5625D3C9F10092CC0A /* Build configuration list for PBXProject "Quiz_18" */ = {
			isa = XCConfigurationList;
			buildConfigurations = (
				280B5A6D25D3C9F70092CC0A /* Debug */,
				280B5A6E25D3C9F70092CC0A /* Release */,
			);
			defaultConfigurationIsVisible = 0;
			defaultConfigurationName = Release;
		};
		280B5A6F25D3C9F70092CC0A /* Build configuration list for PBXNativeTarget "Quiz_18" */ = {
			isa = XCConfigurationList;
			buildConfigurations = (
				280B5A7025D3C9F70092CC0A /* Debug */,
				280B5A7125D3C9F70092CC0A /* Release */,
			);
			defaultConfigurationIsVisible = 0;
			defaultConfigurationName = Release;
		};
/* End XCConfigurationList section */
	};
	rootObject = 280B5A5325D3C9F10092CC0A /* Project object */;
}
